
Microsoft Visual Studio Solution File, Format Version 12.00
# Visual Studio Version 17
VisualStudioVersion = 17.5.002.0
MinimumVisualStudioVersion = 10.0.40219.1
Project("{9A19103F-16F7-4668-BE54-9A1E7A4F7556}") = "modulo-api-c#", "modulo-api-c#.csproj", "{8B3ECD12-70AE-437B-BE3E-A64DE7A734BE}"
EndProject
Global
	GlobalSection(SolutionConfigurationPlatforms) = preSolution
		Debug|Any CPU = Debug|Any CPU
		Release|Any CPU = Release|Any CPU
	EndGlobalSection
	GlobalSection(ProjectConfigurationPlatforms) = postSolution
		{8B3ECD12-70AE-437B-BE3E-A64DE7A734BE}.Debug|Any CPU.ActiveCfg = Debug|Any CPU
		{8B3ECD12-70AE-437B-BE3E-A64DE7A734BE}.Debug|Any CPU.Build.0 = Debug|Any CPU
		{8B3ECD12-70AE-437B-BE3E-A64DE7A734BE}.Release|Any CPU.ActiveCfg = Release|Any CPU
		{8B3ECD12-70AE-437B-BE3E-A64DE7A734BE}.Release|Any CPU.Build.0 = Release|Any CPU
	EndGlobalSection
	GlobalSection(SolutionProperties) = preSolution
		HideSolutionNode = FALSE
	EndGlobalSection
	GlobalSection(ExtensibilityGlobals) = postSolution
		SolutionGuid = {5657B860-4F2D-41F1-8976-5D1647899935}
	EndGlobalSection
EndGlobal
